
Microsoft Visual Studio Solution File, Format Version 12.00
# Visual Studio 15
VisualStudioVersion = 15.0.28307.421
MinimumVisualStudioVersion = 10.0.40219.1
Project("{FAE04EC0-301F-11D3-BF4B-00C04F79EFBC}") = "App.Data.DataAccess", "App.Data.DataAccess\App.Data.DataAccess.csproj", "{C16F2EF5-01CD-4B67-86E4-FDCDBCBA10DD}"
EndProject
Project("{FAE04EC0-301F-11D3-BF4B-00C04F79EFBC}") = "App.Entities.Base", "App.Entities.Base\App.Entities.Base.csproj", "{34CF2369-76E3-40D4-851C-5B0689F7DD0F}"
EndProject
Project("{FAE04EC0-301F-11D3-BF4B-00C04F79EFBC}") = "App.UnitTest.Data", "App.UnitTest.Data\App.UnitTest.Data.csproj", "{8648DB04-3BF5-4F35-A393-36BA776E81D4}"
EndProject
Project("{FAE04EC0-301F-11D3-BF4B-00C04F79EFBC}") = "App.Entities.Queris", "App.Entities.Queris\App.Entities.Queris.csproj", "{D2D6E784-0EA3-458B-A1F6-7AFA0D96F80C}"
EndProject
Project("{FAE04EC0-301F-11D3-BF4B-00C04F79EFBC}") = "App.UI.Desktop", "App.UI.Desktop\App.UI.Desktop.csproj", "{B41B9CF5-0B02-4394-83C1-DAF73C7D202F}"
EndProject
Project("{2150E333-8FDC-42A3-9474-1A3956D46DE8}") = "Data", "Data", "{9BD2DF6D-1B3E-49F9-ABEB-D8335D1C9D47}"
EndProject
Project("{2150E333-8FDC-42A3-9474-1A3956D46DE8}") = "Entidades", "Entidades", "{5AE7FAB8-C00B-4FEE-BD5F-2CA88F958215}"
EndProject
Project("{2150E333-8FDC-42A3-9474-1A3956D46DE8}") = "UI", "UI", "{32835B80-8363-4337-804B-ACDF4396926E}"
EndProject
Project("{FAE04EC0-301F-11D3-BF4B-00C04F79EFBC}") = "App.Data.Repository.Interface", "App.Data.Repository.Interface\App.Data.Repository.Interface.csproj", "{B42C7F40-BE5C-4500-B6C3-A7952E39EC0E}"
EndProject
Project("{FAE04EC0-301F-11D3-BF4B-00C04F79EFBC}") = "App.Data.Repository", "App.Data.Repository\App.Data.Repository.csproj", "{A1A1D1FB-9FB9-49AF-B199-F47A1AEBE8C3}"
EndProject
Project("{FAE04EC0-301F-11D3-BF4B-00C04F79EFBC}") = "App.Data.RepositoryTest", "App.Data.RepositoryTest\App.Data.RepositoryTest.csproj", "{402184EE-9A12-4D9C-9770-C9288744D3E7}"
EndProject
Global
	GlobalSection(SolutionConfigurationPlatforms) = preSolution
		Debug|Any CPU = Debug|Any CPU
		Release|Any CPU = Release|Any CPU
	EndGlobalSection
	GlobalSection(ProjectConfigurationPlatforms) = postSolution
		{C16F2EF5-01CD-4B67-86E4-FDCDBCBA10DD}.Debug|Any CPU.ActiveCfg = Debug|Any CPU
		{C16F2EF5-01CD-4B67-86E4-FDCDBCBA10DD}.Debug|Any CPU.Build.0 = Debug|Any CPU
		{C16F2EF5-01CD-4B67-86E4-FDCDBCBA10DD}.Release|Any CPU.ActiveCfg = Release|Any CPU
		{C16F2EF5-01CD-4B67-86E4-FDCDBCBA10DD}.Release|Any CPU.Build.0 = Release|Any CPU
		{34CF2369-76E3-40D4-851C-5B0689F7DD0F}.Debug|Any CPU.ActiveCfg = Debug|Any CPU
		{34CF2369-76E3-40D4-851C-5B0689F7DD0F}.Debug|Any CPU.Build.0 = Debug|Any CPU
		{34CF2369-76E3-40D4-851C-5B0689F7DD0F}.Release|Any CPU.ActiveCfg = Release|Any CPU
		{34CF2369-76E3-40D4-851C-5B0689F7DD0F}.Release|Any CPU.Build.0 = Release|Any CPU
		{8648DB04-3BF5-4F35-A393-36BA776E81D4}.Debug|Any CPU.ActiveCfg = Debug|Any CPU
		{8648DB04-3BF5-4F35-A393-36BA776E81D4}.Debug|Any CPU.Build.0 = Debug|Any CPU
		{8648DB04-3BF5-4F35-A393-36BA776E81D4}.Release|Any CPU.ActiveCfg = Release|Any CPU
		{8648DB04-3BF5-4F35-A393-36BA776E81D4}.Release|Any CPU.Build.0 = Release|Any CPU
		{D2D6E784-0EA3-458B-A1F6-7AFA0D96F80C}.Debug|Any CPU.ActiveCfg = Debug|Any CPU
		{D2D6E784-0EA3-458B-A1F6-7AFA0D96F80C}.Debug|Any CPU.Build.0 = Debug|Any CPU
		{D2D6E784-0EA3-458B-A1F6-7AFA0D96F80C}.Release|Any CPU.ActiveCfg = Release|Any CPU
		{D2D6E784-0EA3-458B-A1F6-7AFA0D96F80C}.Release|Any CPU.Build.0 = Release|Any CPU
		{B41B9CF5-0B02-4394-83C1-DAF73C7D202F}.Debug|Any CPU.ActiveCfg = Debug|Any CPU
		{B41B9CF5-0B02-4394-83C1-DAF73C7D202F}.Debug|Any CPU.Build.0 = Debug|Any CPU
		{B41B9CF5-0B02-4394-83C1-DAF73C7D202F}.Release|Any CPU.ActiveCfg = Release|Any CPU
		{B41B9CF5-0B02-4394-83C1-DAF73C7D202F}.Release|Any CPU.Build.0 = Release|Any CPU
		{B42C7F40-BE5C-4500-B6C3-A7952E39EC0E}.Debug|Any CPU.ActiveCfg = Debug|Any CPU
		{B42C7F40-BE5C-4500-B6C3-A7952E39EC0E}.Debug|Any CPU.Build.0 = Debug|Any CPU
		{B42C7F40-BE5C-4500-B6C3-A7952E39EC0E}.Release|Any CPU.ActiveCfg = Release|Any CPU
		{B42C7F40-BE5C-4500-B6C3-A7952E39EC0E}.Release|Any CPU.Build.0 = Release|Any CPU
		{A1A1D1FB-9FB9-49AF-B199-F47A1AEBE8C3}.Debug|Any CPU.ActiveCfg = Debug|Any CPU
		{A1A1D1FB-9FB9-49AF-B199-F47A1AEBE8C3}.Debug|Any CPU.Build.0 = Debug|Any CPU
		{A1A1D1FB-9FB9-49AF-B199-F47A1AEBE8C3}.Release|Any CPU.ActiveCfg = Release|Any CPU
		{A1A1D1FB-9FB9-49AF-B199-F47A1AEBE8C3}.Release|Any CPU.Build.0 = Release|Any CPU
		{402184EE-9A12-4D9C-9770-C9288744D3E7}.Debug|Any CPU.ActiveCfg = Debug|Any CPU
		{402184EE-9A12-4D9C-9770-C9288744D3E7}.Debug|Any CPU.Build.0 = Debug|Any CPU
		{402184EE-9A12-4D9C-9770-C9288744D3E7}.Release|Any CPU.ActiveCfg = Release|Any CPU
		{402184EE-9A12-4D9C-9770-C9288744D3E7}.Release|Any CPU.Build.0 = Release|Any CPU
	EndGlobalSection
	GlobalSection(SolutionProperties) = preSolution
		HideSolutionNode = FALSE
	EndGlobalSection
	GlobalSection(NestedProjects) = preSolution
		{C16F2EF5-01CD-4B67-86E4-FDCDBCBA10DD} = {9BD2DF6D-1B3E-49F9-ABEB-D8335D1C9D47}
		{34CF2369-76E3-40D4-851C-5B0689F7DD0F} = {5AE7FAB8-C00B-4FEE-BD5F-2CA88F958215}
		{8648DB04-3BF5-4F35-A393-36BA776E81D4} = {9BD2DF6D-1B3E-49F9-ABEB-D8335D1C9D47}
		{D2D6E784-0EA3-458B-A1F6-7AFA0D96F80C} = {5AE7FAB8-C00B-4FEE-BD5F-2CA88F958215}
		{B41B9CF5-0B02-4394-83C1-DAF73C7D202F} = {32835B80-8363-4337-804B-ACDF4396926E}
		{B42C7F40-BE5C-4500-B6C3-A7952E39EC0E} = {9BD2DF6D-1B3E-49F9-ABEB-D8335D1C9D47}
		{A1A1D1FB-9FB9-49AF-B199-F47A1AEBE8C3} = {9BD2DF6D-1B3E-49F9-ABEB-D8335D1C9D47}
		{402184EE-9A12-4D9C-9770-C9288744D3E7} = {9BD2DF6D-1B3E-49F9-ABEB-D8335D1C9D47}
	EndGlobalSection
	GlobalSection(ExtensibilityGlobals) = postSolution
		SolutionGuid = {F419C22D-7D65-4212-9982-5F878D20F4F0}
	EndGlobalSection
EndGlobal
